{
  "requires": true,
  "lockfileVersion": 1,
  "dependencies": {
    "esbuild": {
      "version": "0.8.51",
      "resolved": "https://registry.npmjs.org/esbuild/-/esbuild-0.8.51.tgz",
      "integrity": "sha512-MVIom8fgL1+B6iGqWtrG7QJ1gqd64BycxounlsX1kR/IcIITaSlTo7gghKpg4a+bnxkpo0dwcikuvk4MVSA9ww=="
    }
  }
}
